
Microsoft Visual Studio Solution File, Format Version 12.00
# Visual Studio 14
VisualStudioVersion = 14.0.25123.0
MinimumVisualStudioVersion = 10.0.40219.1
Project("{FAE04EC0-301F-11D3-BF4B-00C04F79EFBC}") = "ImageViewControl", "MyControl\ImageViewControl.csproj", "{0FB7E9A3-6C22-404E-A19E-8AD2ABBB7BF6}"
EndProject
Project("{FAE04EC0-301F-11D3-BF4B-00C04F79EFBC}") = "MyTest", "MyTest\MyTest.csproj", "{0BF3489C-DB7B-4B1F-9D2A-B98541D821F5}"
EndProject
Global
	GlobalSection(SolutionConfigurationPlatforms) = preSolution
		Debug|Any CPU = Debug|Any CPU
		Release|Any CPU = Release|Any CPU
	EndGlobalSection
	GlobalSection(ProjectConfigurationPlatforms) = postSolution
		{0FB7E9A3-6C22-404E-A19E-8AD2ABBB7BF6}.Debug|Any CPU.ActiveCfg = Debug|Any CPU
		{0FB7E9A3-6C22-404E-A19E-8AD2ABBB7BF6}.Debug|Any CPU.Build.0 = Debug|Any CPU
		{0FB7E9A3-6C22-404E-A19E-8AD2ABBB7BF6}.Release|Any CPU.ActiveCfg = Release|Any CPU
		{0FB7E9A3-6C22-404E-A19E-8AD2ABBB7BF6}.Release|Any CPU.Build.0 = Release|Any CPU
		{0BF3489C-DB7B-4B1F-9D2A-B98541D821F5}.Debug|Any CPU.ActiveCfg = Debug|Any CPU
		{0BF3489C-DB7B-4B1F-9D2A-B98541D821F5}.Debug|Any CPU.Build.0 = Debug|Any CPU
		{0BF3489C-DB7B-4B1F-9D2A-B98541D821F5}.Release|Any CPU.ActiveCfg = Release|Any CPU
		{0BF3489C-DB7B-4B1F-9D2A-B98541D821F5}.Release|Any CPU.Build.0 = Release|Any CPU
	EndGlobalSection
	GlobalSection(SolutionProperties) = preSolution
		HideSolutionNode = FALSE
	EndGlobalSection
EndGlobal
